// !$*UTF8*$!
{
	archiveVersion = 1;
	classes = {
	};
	objectVersion = 77;
	objects = {

/* Begin PBXBuildFile section */
		1ED519762E850B1500CCD7FB /* Alamofire in Frameworks */ = {isa = PBXBuildFile; productRef = 1ED519752E850B1500CCD7FB /* Alamofire */; };
		1ED519B02E850EA300CCD7FB /* Moya in Frameworks */ = {isa = PBXBuildFile; productRef = 1ED519AF2E850EA300CCD7FB /* Moya */; };
/* End PBXBuildFile section */

/* Begin PBXContainerItemProxy section */
		1ED519A22E850DFC00CCD7FB /* PBXContainerItemProxy */ = {
			isa = PBXContainerItemProxy;
			containerPortal = 1ED518EB2E85042D00CCD7FB /* Project object */;
			proxyType = 1;
			remoteGlobalIDString = 1ED518F22E85042D00CCD7FB;
			remoteInfo = PersonalArchive;
		};
/* End PBXContainerItemProxy section */

/* Begin PBXFileReference section */
		1ED518F32E85042D00CCD7FB /* PersonalArchive.app */ = {isa = PBXFileReference; explicitFileType = wrapper.application; includeInIndex = 0; path = PersonalArchive.app; sourceTree = BUILT_PRODUCTS_DIR; };
		1ED5199E2E850DFC00CCD7FB /* PersonalArchiveTests.xctest */ = {isa = PBXFileReference; explicitFileType = wrapper.cfbundle; includeInIndex = 0; path = PersonalArchiveTests.xctest; sourceTree = BUILT_PRODUCTS_DIR; };
/* End PBXFileReference section */

/* Begin PBXFileSystemSynchronizedBuildFileExceptionSet section */
		1ED519052E85042D00CCD7FB /* Exceptions for "PersonalArchive" folder in "PersonalArchive" target */ = {
			isa = PBXFileSystemSynchronizedBuildFileExceptionSet;
			membershipExceptions = (
				Info.plist,
			);
			target = 1ED518F22E85042D00CCD7FB /* PersonalArchive */;
		};
/* End PBXFileSystemSynchronizedBuildFileExceptionSet section */

/* Begin PBXFileSystemSynchronizedRootGroup section */
		1ED518F52E85042D00CCD7FB /* PersonalArchive */ = {
			isa = PBXFileSystemSynchronizedRootGroup;
			exceptions = (
				1ED519052E85042D00CCD7FB /* Exceptions for "PersonalArchive" folder in "PersonalArchive" target */,
			);
			path = PersonalArchive;
			sourceTree = "<group>";
		};
		1ED5199F2E850DFC00CCD7FB /* PersonalArchiveTests */ = {
			isa = PBXFileSystemSynchronizedRootGroup;
			path = PersonalArchiveTests;
			sourceTree = "<group>";
		};
/* End PBXFileSystemSynchronizedRootGroup section */

/* Begin PBXFrameworksBuildPhase section */
		1ED518F02E85042D00CCD7FB /* Frameworks */ = {
			isa = PBXFrameworksBuildPhase;
			buildActionMask = 2147483647;
			files = (
				1ED519762E850B1500CCD7FB /* Alamofire in Frameworks */,
				1ED519B02E850EA300CCD7FB /* Moya in Frameworks */,
			);
			runOnlyForDeploymentPostprocessing = 0;
		};
		1ED5199B2E850DFC00CCD7FB /* Frameworks */ = {
			isa = PBXFrameworksBuildPhase;
			buildActionMask = 2147483647;
			files = (
			);
			runOnlyForDeploymentPostprocessing = 0;
		};
/* End PBXFrameworksBuildPhase section */

/* Begin PBXGroup section */
		1ED518EA2E85042D00CCD7FB = {
			isa = PBXGroup;
			children = (
				1ED518F52E85042D00CCD7FB /* PersonalArchive */,
				1ED5199F2E850DFC00CCD7FB /* PersonalArchiveTests */,
				1ED519AE2E850E9800CCD7FB /* Frameworks */,
				1ED518F42E85042D00CCD7FB /* Products */,
			);
			sourceTree = "<group>";
		};
		1ED518F42E85042D00CCD7FB /* Products */ = {
			isa = PBXGroup;
			children = (
				1ED518F32E85042D00CCD7FB /* PersonalArchive.app */,
				1ED5199E2E850DFC00CCD7FB /* PersonalArchiveTests.xctest */,
			);
			name = Products;
			sourceTree = "<group>";
		};
		1ED519AE2E850E9800CCD7FB /* Frameworks */ = {
			isa = PBXGroup;
			children = (
			);
			name = Frameworks;
			sourceTree = "<group>";
		};
/* End PBXGroup section */

/* Begin PBXNativeTarget section */
		1ED518F22E85042D00CCD7FB /* PersonalArchive */ = {
			isa = PBXNativeTarget;
			buildConfigurationList = 1ED519062E85042D00CCD7FB /* Build configuration list for PBXNativeTarget "PersonalArchive" */;
			buildPhases = (
				1ED518EF2E85042D00CCD7FB /* Sources */,
				1ED518F02E85042D00CCD7FB /* Frameworks */,
				1ED518F12E85042D00CCD7FB /* Resources */,
			);
			buildRules = (
			);
			dependencies = (
			);
			fileSystemSynchronizedGroups = (
				1ED518F52E85042D00CCD7FB /* PersonalArchive */,
			);
			name = PersonalArchive;
			packageProductDependencies = (
				1ED519752E850B1500CCD7FB /* Alamofire */,
				1ED519AF2E850EA300CCD7FB /* Moya */,
			);
			productName = PersonalArchive;
			productReference = 1ED518F32E85042D00CCD7FB /* PersonalArchive.app */;
			productType = "com.apple.product-type.application";
		};
		1ED5199D2E850DFC00CCD7FB /* PersonalArchiveTests */ = {
			isa = PBXNativeTarget;
			buildConfigurationList = 1ED519A42E850DFC00CCD7FB /* Build configuration list for PBXNativeTarget "PersonalArchiveTests" */;
			buildPhases = (
				1ED5199A2E850DFC00CCD7FB /* Sources */,
				1ED5199B2E850DFC00CCD7FB /* Frameworks */,
				1ED5199C2E850DFC00CCD7FB /* Resources */,
			);
			buildRules = (
			);
			dependencies = (
				1ED519A32E850DFC00CCD7FB /* PBXTargetDependency */,
			);
			fileSystemSynchronizedGroups = (
				1ED5199F2E850DFC00CCD7FB /* PersonalArchiveTests */,
			);
			name = PersonalArchiveTests;
			packageProductDependencies = (
			);
			productName = PersonalArchiveTests;
			productReference = 1ED5199E2E850DFC00CCD7FB /* PersonalArchiveTests.xctest */;
			productType = "com.apple.product-type.bundle.unit-test";
		};
/* End PBXNativeTarget section */

/* Begin PBXProject section */
		1ED518EB2E85042D00CCD7FB /* Project object */ = {
			isa = PBXProject;
			attributes = {
				BuildIndependentTargetsInParallel = 1;
				LastSwiftUpdateCheck = 2600;
				LastUpgradeCheck = 2600;
				TargetAttributes = {
					1ED518F22E85042D00CCD7FB = {
						CreatedOnToolsVersion = 26.0.1;
					};
					1ED5199D2E850DFC00CCD7FB = {
						CreatedOnToolsVersion = 26.0.1;
						TestTargetID = 1ED518F22E85042D00CCD7FB;
					};
				};
			};
			buildConfigurationList = 1ED518EE2E85042D00CCD7FB /* Build configuration list for PBXProject "PersonalArchive" */;
			developmentRegion = en;
			hasScannedForEncodings = 0;
			knownRegions = (
				en,
				Base,
			);
			mainGroup = 1ED518EA2E85042D00CCD7FB;
			minimizedProjectReferenceProxies = 1;
			packageReferences = (
				1ED519742E850B1500CCD7FB /* XCRemoteSwiftPackageReference "Alamofire" */,
				1ED519792E850B2800CCD7FB /* XCRemoteSwiftPackageReference "Moya" */,
			);
			preferredProjectObjectVersion = 77;
			productRefGroup = 1ED518F42E85042D00CCD7FB /* Products */;
			projectDirPath = "";
			projectRoot = "";
			targets = (
				1ED518F22E85042D00CCD7FB /* PersonalArchive */,
				1ED5199D2E850DFC00CCD7FB /* PersonalArchiveTests */,
			);
		};
/* End PBXProject section */

/* Begin PBXResourcesBuildPhase section */
		1ED518F12E85042D00CCD7FB /* Resources */ = {
			isa = PBXResourcesBuildPhase;
			buildActionMask = 2147483647;
			files = (
			);
			runOnlyForDeploymentPostprocessing = 0;
		};
		1ED5199C2E850DFC00CCD7FB /* Resources */ = {
			isa = PBXResourcesBuildPhase;
			buildActionMask = 2147483647;
			files = (
			);
			runOnlyForDeploymentPostprocessing = 0;
		};
/* End PBXResourcesBuildPhase section */

/* Begin PBXSourcesBuildPhase section */
		1ED518EF2E85042D00CCD7FB /* Sources */ = {
			isa = PBXSourcesBuildPhase;
			buildActionMask = 2147483647;
			files = (
			);
			runOnlyForDeploymentPostprocessing = 0;
		};
		1ED5199A2E850DFC00CCD7FB /* Sources */ = {
			isa = PBXSourcesBuildPhase;
			buildActionMask = 2147483647;
			files = (
			);
			runOnlyForDeploymentPostprocessing = 0;
		};
/* End PBXSourcesBuildPhase section */

/* Begin PBXTargetDependency section */
		1ED519A32E850DFC00CCD7FB /* PBXTargetDependency */ = {
			isa = PBXTargetDependency;
			target = 1ED518F22E85042D00CCD7FB /* PersonalArchive */;
			targetProxy = 1ED519A22E850DFC00CCD7FB /* PBXContainerItemProxy */;
		};
/* End PBXTargetDependency section */

/* Begin XCBuildConfiguration section */
		1ED519072E85042D00CCD7FB /* Debug */ = {
			isa = XCBuildConfiguration;
			buildSettings = {
				ASSETCATALOG_COMPILER_APPICON_NAME = AppIcon;
				ASSETCATALOG_COMPILER_GLOBAL_ACCENT_COLOR_NAME = AccentColor;
				CODE_SIGN_ENTITLEMENTS = PersonalArchive/PersonalArchive.entitlements;
				CODE_SIGN_STYLE = Automatic;
				CURRENT_PROJECT_VERSION = 1;
				DEVELOPMENT_TEAM = 39742PQ3B3;
				GENERATE_INFOPLIST_FILE = YES;
				INFOPLIST_FILE = PersonalArchive/Info.plist;
				INFOPLIST_KEY_NSHealthShareUsageDescription = "걸음 수 데이터를 사용하기 위해 HealthKit 권한이 필요합니다.";
				INFOPLIST_KEY_NSHealthUpdateUsageDescription = "걸음 수 데이터를 업데이트하기 위해 HealthKit 권한이 필요합니다.";
				INFOPLIST_KEY_UIApplicationSupportsIndirectInputEvents = YES;
				INFOPLIST_KEY_UILaunchStoryboardName = LaunchScreen;
				INFOPLIST_KEY_UIMainStoryboardFile = Main;
				INFOPLIST_KEY_UISupportedInterfaceOrientations_iPad = "UIInterfaceOrientationPortrait UIInterfaceOrientationPortraitUpsideDown UIInterfaceOrientationLandscapeLeft UIInterfaceOrientationLandscapeRight";
				INFOPLIST_KEY_UISupportedInterfaceOrientations_iPhone = "UIInterfaceOrientationPortrait UIInterfaceOrientationLandscapeLeft UIInterfaceOrientationLandscapeRight";
				LD_RUNPATH_SEARCH_PATHS = (
					"$(inherited)",
					"@executable_path/Frameworks",
				);
				MARKETING_VERSION = 1.0;
				PRODUCT_BUNDLE_IDENTIFIER = com.ezyeun.PersonalArchive;
				PRODUCT_NAME = "$(TARGET_NAME)";
				STRING_CATALOG_GENERATE_SYMBOLS = YES;
				SWIFT_APPROACHABLE_CONCURRENCY = YES;
				SWIFT_DEFAULT_ACTOR_ISOLATION = MainActor;
				SWIFT_EMIT_LOC_STRINGS = YES;
				SWIFT_UPCOMING_FEATURE_MEMBER_IMPORT_VISIBILITY = YES;
				SWIFT_VERSION = 5.0;
				TARGETED_DEVICE_FAMILY = "1,2";
			};
			name = Debug;
		};
		1ED519082E85042D00CCD7FB /* Release */ = {
			isa = XCBuildConfiguration;
			buildSettings = {
				ASSETCATALOG_COMPILER_APPICON_NAME = AppIcon;
				ASSETCATALOG_COMPILER_GLOBAL_ACCENT_COLOR_NAME = AccentColor;
				CODE_SIGN_ENTITLEMENTS = PersonalArchive/PersonalArchive.entitlements;
				CODE_SIGN_STYLE = Automatic;
				CURRENT_PROJECT_VERSION = 1;
				DEVELOPMENT_TEAM = 39742PQ3B3;
				GENERATE_INFOPLIST_FILE = YES;
				INFOPLIST_FILE = PersonalArchive/Info.plist;
				INFOPLIST_KEY_NSHealthShareUsageDescription = "걸음 수 데이터를 사용하기 위해 HealthKit 권한이 필요합니다.";
				INFOPLIST_KEY_NSHealthUpdateUsageDescription = "걸음 수 데이터를 업데이트하기 위해 HealthKit 권한이 필요합니다.";
				INFOPLIST_KEY_UIApplicationSupportsIndirectInputEvents = YES;
				INFOPLIST_KEY_UILaunchStoryboardName = LaunchScreen;
				INFOPLIST_KEY_UIMainStoryboardFile = Main;
				INFOPLIST_KEY_UISupportedInterfaceOrientations_iPad = "UIInterfaceOrientationPortrait UIInterfaceOrientationPortraitUpsideDown UIInterfaceOrientationLandscapeLeft UIInterfaceOrientationLandscapeRight";
				INFOPLIST_KEY_UISupportedInterfaceOrientations_iPhone = "UIInterfaceOrientationPortrait UIInterfaceOrientationLandscapeLeft UIInterfaceOrientationLandscapeRight";
				LD_RUNPATH_SEARCH_PATHS = (
					"$(inherited)",
					"@executable_path/Frameworks",
				);
				MARKETING_VERSION = 1.0;
				PRODUCT_BUNDLE_IDENTIFIER = com.ezyeun.PersonalArchive;
				PRODUCT_NAME = "$(TARGET_NAME)";
				STRING_CATALOG_GENERATE_SYMBOLS = YES;
				SWIFT_APPROACHABLE_CONCURRENCY = YES;
				SWIFT_DEFAULT_ACTOR_ISOLATION = MainActor;
				SWIFT_EMIT_LOC_STRINGS = YES;
				SWIFT_UPCOMING_FEATURE_MEMBER_IMPORT_VISIBILITY = YES;
				SWIFT_VERSION = 5.0;
				TARGETED_DEVICE_FAMILY = "1,2";
			};
			name = Release;
		};
		1ED519092E85042D00CCD7FB /* Debug */ = {
			isa = XCBuildConfiguration;
			buildSettings = {
				ALWAYS_SEARCH_USER_PATHS = NO;
				ASSETCATALOG_COMPILER_GENERATE_SWIFT_ASSET_SYMBOL_EXTENSIONS = YES;
				CLANG_ANALYZER_NONNULL = YES;
				CLANG_ANALYZER_NUMBER_OBJECT_CONVERSION = YES_AGGRESSIVE;
				CLANG_CXX_LANGUAGE_STANDARD = "gnu++20";
				CLANG_ENABLE_MODULES = YES;
				CLANG_ENABLE_OBJC_ARC = YES;
				CLANG_ENABLE_OBJC_WEAK = YES;
				CLANG_WARN_BLOCK_CAPTURE_AUTORELEASING = YES;
				CLANG_WARN_BOOL_CONVERSION = YES;
				CLANG_WARN_COMMA = YES;
				CLANG_WARN_CONSTANT_CONVERSION = YES;
				CLANG_WARN_DEPRECATED_OBJC_IMPLEMENTATIONS = YES;
				CLANG_WARN_DIRECT_OBJC_ISA_USAGE = YES_ERROR;
				CLANG_WARN_DOCUMENTATION_COMMENTS = YES;
				CLANG_WARN_EMPTY_BODY = YES;
				CLANG_WARN_ENUM_CONVERSION = YES;
				CLANG_WARN_INFINITE_RECURSION = YES;
				CLANG_WARN_INT_CONVERSION = YES;
				CLANG_WARN_NON_LITERAL_NULL_CONVERSION = YES;
				CLANG_WARN_OBJC_IMPLICIT_RETAIN_SELF = YES;
				CLANG_WARN_OBJC_LITERAL_CONVERSION = YES;
				CLANG_WARN_OBJC_ROOT_CLASS = YES_ERROR;
				CLANG_WARN_QUOTED_INCLUDE_IN_FRAMEWORK_HEADER = YES;
				CLANG_WARN_RANGE_LOOP_ANALYSIS = YES;
				CLANG_WARN_STRICT_PROTOTYPES = YES;
				CLANG_WARN_SUSPICIOUS_MOVE = YES;
				CLANG_WARN_UNGUARDED_AVAILABILITY = YES_AGGRESSIVE;
				CLANG_WARN_UNREACHABLE_CODE = YES;
				CLANG_WARN__DUPLICATE_METHOD_MATCH = YES;
				COPY_PHASE_STRIP = NO;
				DEBUG_INFORMATION_FORMAT = dwarf;
				DEVELOPMENT_TEAM = 39742PQ3B3;
				ENABLE_STRICT_OBJC_MSGSEND = YES;
				ENABLE_TESTABILITY = YES;
				ENABLE_USER_SCRIPT_SANDBOXING = YES;
				GCC_C_LANGUAGE_STANDARD = gnu17;
				GCC_DYNAMIC_NO_PIC = NO;
				GCC_NO_COMMON_BLOCKS = YES;
				GCC_OPTIMIZATION_LEVEL = 0;
				GCC_PREPROCESSOR_DEFINITIONS = (
					"DEBUG=1",
					"$(inherited)",
				);
				GCC_WARN_64_TO_32_BIT_CONVERSION = YES;
				GCC_WARN_ABOUT_RETURN_TYPE = YES_ERROR;
				GCC_WARN_UNDECLARED_SELECTOR = YES;
				GCC_WARN_UNINITIALIZED_AUTOS = YES_AGGRESSIVE;
				GCC_WARN_UNUSED_FUNCTION = YES;
				GCC_WARN_UNUSED_VARIABLE = YES;
				IPHONEOS_DEPLOYMENT_TARGET = 26.0;
				LOCALIZATION_PREFERS_STRING_CATALOGS = YES;
				MTL_ENABLE_DEBUG_INFO = INCLUDE_SOURCE;
				MTL_FAST_MATH = YES;
				ONLY_ACTIVE_ARCH = YES;
				SDKROOT = iphoneos;
				SWIFT_ACTIVE_COMPILATION_CONDITIONS = "DEBUG $(inherited)";
				SWIFT_OPTIMIZATION_LEVEL = "-Onone";
			};
			name = Debug;
		};
		1ED5190A2E85042D00CCD7FB /* Release */ = {
			isa = XCBuildConfiguration;
			buildSettings = {
				ALWAYS_SEARCH_USER_PATHS = NO;
				ASSETCATALOG_COMPILER_GENERATE_SWIFT_ASSET_SYMBOL_EXTENSIONS = YES;
				CLANG_ANALYZER_NONNULL = YES;
				CLANG_ANALYZER_NUMBER_OBJECT_CONVERSION = YES_AGGRESSIVE;
				CLANG_CXX_LANGUAGE_STANDARD = "gnu++20";
				CLANG_ENABLE_MODULES = YES;
				CLANG_ENABLE_OBJC_ARC = YES;
				CLANG_ENABLE_OBJC_WEAK = YES;
				CLANG_WARN_BLOCK_CAPTURE_AUTORELEASING = YES;
				CLANG_WARN_BOOL_CONVERSION = YES;
				CLANG_WARN_COMMA = YES;
				CLANG_WARN_CONSTANT_CONVERSION = YES;
				CLANG_WARN_DEPRECATED_OBJC_IMPLEMENTATIONS = YES;
				CLANG_WARN_DIRECT_OBJC_ISA_USAGE = YES_ERROR;
				CLANG_WARN_DOCUMENTATION_COMMENTS = YES;
				CLANG_WARN_EMPTY_BODY = YES;
				CLANG_WARN_ENUM_CONVERSION = YES;
				CLANG_WARN_INFINITE_RECURSION = YES;
				CLANG_WARN_INT_CONVERSION = YES;
				CLANG_WARN_NON_LITERAL_NULL_CONVERSION = YES;
				CLANG_WARN_OBJC_IMPLICIT_RETAIN_SELF = YES;
				CLANG_WARN_OBJC_LITERAL_CONVERSION = YES;
				CLANG_WARN_OBJC_ROOT_CLASS = YES_ERROR;
				CLANG_WARN_QUOTED_INCLUDE_IN_FRAMEWORK_HEADER = YES;
				CLANG_WARN_RANGE_LOOP_ANALYSIS = YES;
				CLANG_WARN_STRICT_PROTOTYPES = YES;
				CLANG_WARN_SUSPICIOUS_MOVE = YES;
				CLANG_WARN_UNGUARDED_AVAILABILITY = YES_AGGRESSIVE;
				CLANG_WARN_UNREACHABLE_CODE = YES;
				CLANG_WARN__DUPLICATE_METHOD_MATCH = YES;
				COPY_PHASE_STRIP = NO;
				DEBUG_INFORMATION_FORMAT = "dwarf-with-dsym";
				DEVELOPMENT_TEAM = 39742PQ3B3;
				ENABLE_NS_ASSERTIONS = NO;
				ENABLE_STRICT_OBJC_MSGSEND = YES;
				ENABLE_USER_SCRIPT_SANDBOXING = YES;
				GCC_C_LANGUAGE_STANDARD = gnu17;
				GCC_NO_COMMON_BLOCKS = YES;
				GCC_WARN_64_TO_32_BIT_CONVERSION = YES;
				GCC_WARN_ABOUT_RETURN_TYPE = YES_ERROR;
				GCC_WARN_UNDECLARED_SELECTOR = YES;
				GCC_WARN_UNINITIALIZED_AUTOS = YES_AGGRESSIVE;
				GCC_WARN_UNUSED_FUNCTION = YES;
				GCC_WARN_UNUSED_VARIABLE = YES;
				IPHONEOS_DEPLOYMENT_TARGET = 26.0;
				LOCALIZATION_PREFERS_STRING_CATALOGS = YES;
				MTL_ENABLE_DEBUG_INFO = NO;
				MTL_FAST_MATH = YES;
				SDKROOT = iphoneos;
				SWIFT_COMPILATION_MODE = wholemodule;
				VALIDATE_PRODUCT = YES;
			};
			name = Release;
		};
		1ED519A52E850DFC00CCD7FB /* Debug */ = {
			isa = XCBuildConfiguration;
			buildSettings = {
				BUNDLE_LOADER = "$(TEST_HOST)";
				CODE_SIGN_STYLE = Automatic;
				CURRENT_PROJECT_VERSION = 1;
				DEVELOPMENT_TEAM = 39742PQ3B3;
				GENERATE_INFOPLIST_FILE = YES;
				MARKETING_VERSION = 1.0;
				PRODUCT_BUNDLE_IDENTIFIER = com.ezyeun.PersonalArchiveTests;
				PRODUCT_NAME = "$(TARGET_NAME)";
				STRING_CATALOG_GENERATE_SYMBOLS = NO;
				SWIFT_APPROACHABLE_CONCURRENCY = YES;
				SWIFT_EMIT_LOC_STRINGS = NO;
				SWIFT_UPCOMING_FEATURE_MEMBER_IMPORT_VISIBILITY = YES;
				SWIFT_VERSION = 5.0;
				TARGETED_DEVICE_FAMILY = "1,2";
				TEST_HOST = "$(BUILT_PRODUCTS_DIR)/PersonalArchive.app/$(BUNDLE_EXECUTABLE_FOLDER_PATH)/PersonalArchive";
			};
			name = Debug;
		};
		1ED519A62E850DFC00CCD7FB /* Release */ = {
			isa = XCBuildConfiguration;
			buildSettings = {
				BUNDLE_LOADER = "$(TEST_HOST)";
				CODE_SIGN_STYLE = Automatic;
				CURRENT_PROJECT_VERSION = 1;
				DEVELOPMENT_TEAM = 39742PQ3B3;
				GENERATE_INFOPLIST_FILE = YES;
				MARKETING_VERSION = 1.0;
				PRODUCT_BUNDLE_IDENTIFIER = com.ezyeun.PersonalArchiveTests;
				PRODUCT_NAME = "$(TARGET_NAME)";
				STRING_CATALOG_GENERATE_SYMBOLS = NO;
				SWIFT_APPROACHABLE_CONCURRENCY = YES;
				SWIFT_EMIT_LOC_STRINGS = NO;
				SWIFT_UPCOMING_FEATURE_MEMBER_IMPORT_VISIBILITY = YES;
				SWIFT_VERSION = 5.0;
				TARGETED_DEVICE_FAMILY = "1,2";
				TEST_HOST = "$(BUILT_PRODUCTS_DIR)/PersonalArchive.app/$(BUNDLE_EXECUTABLE_FOLDER_PATH)/PersonalArchive";
			};
			name = Release;
		};
/* End XCBuildConfiguration section */

/* Begin XCConfigurationList section */
		1ED518EE2E85042D00CCD7FB /* Build configuration list for PBXProject "PersonalArchive" */ = {
			isa = XCConfigurationList;
			buildConfigurations = (
				1ED519092E85042D00CCD7FB /* Debug */,
				1ED5190A2E85042D00CCD7FB /* Release */,
			);
			defaultConfigurationIsVisible = 0;
			defaultConfigurationName = Release;
		};
		1ED519062E85042D00CCD7FB /* Build configuration list for PBXNativeTarget "PersonalArchive" */ = {
			isa = XCConfigurationList;
			buildConfigurations = (
				1ED519072E85042D00CCD7FB /* Debug */,
				1ED519082E85042D00CCD7FB /* Release */,
			);
			defaultConfigurationIsVisible = 0;
			defaultConfigurationName = Release;
		};
		1ED519A42E850DFC00CCD7FB /* Build configuration list for PBXNativeTarget "PersonalArchiveTests" */ = {
			isa = XCConfigurationList;
			buildConfigurations = (
				1ED519A52E850DFC00CCD7FB /* Debug */,
				1ED519A62E850DFC00CCD7FB /* Release */,
			);
			defaultConfigurationIsVisible = 0;
			defaultConfigurationName = Release;
		};
/* End XCConfigurationList section */

/* Begin XCRemoteSwiftPackageReference section */
		1ED519742E850B1500CCD7FB /* XCRemoteSwiftPackageReference "Alamofire" */ = {
			isa = XCRemoteSwiftPackageReference;
			repositoryURL = "https://github.com/Alamofire/Alamofire.git";
			requirement = {
				kind = upToNextMajorVersion;
				minimumVersion = 5.10.2;
			};
		};
		1ED519792E850B2800CCD7FB /* XCRemoteSwiftPackageReference "Moya" */ = {
			isa = XCRemoteSwiftPackageReference;
			repositoryURL = "https://github.com/Moya/Moya.git";
			requirement = {
				kind = upToNextMajorVersion;
				minimumVersion = 15.0.3;
			};
		};
/* End XCRemoteSwiftPackageReference section */

/* Begin XCSwiftPackageProductDependency section */
		1ED519752E850B1500CCD7FB /* Alamofire */ = {
			isa = XCSwiftPackageProductDependency;
			package = 1ED519742E850B1500CCD7FB /* XCRemoteSwiftPackageReference "Alamofire" */;
			productName = Alamofire;
		};
		1ED519AF2E850EA300CCD7FB /* Moya */ = {
			isa = XCSwiftPackageProductDependency;
			package = 1ED519792E850B2800CCD7FB /* XCRemoteSwiftPackageReference "Moya" */;
			productName = Moya;
		};
/* End XCSwiftPackageProductDependency section */
	};
	rootObject = 1ED518EB2E85042D00CCD7FB /* Project object */;
}
